# THIS IS AN AUTOGENERATED FILE. DO NOT EDIT THIS FILE DIRECTLY.
# yarn lockfile v1


"@log4js-node/log4js-api@^1.0.0":
  version "1.0.0"
  resolved "http://192.168.8.3:4873/@log4js-node%2flog4js-api/-/log4js-api-1.0.0.tgz#a97d9838a1da83820b05f278361d879363de5adb"

"@lqb/lib@^0.1.3":
  version "0.1.4"
  resolved "http://192.168.8.3:4873/@lqb%2flib/-/lib-0.1.4.tgz#3af024c14205a9a629206a9110360c2de6ce2d3f"
  dependencies:
    lodash "^4.17.4"
    log4js "~1.1.1"
    moment "^2.18.1"
    mysql "~2.13.0"

assertion-error@^1.0.1:
  version "1.0.2"
  resolved "http://192.168.8.3:4873/assertion-error/-/assertion-error-1.0.2.tgz#13ca515d86206da0bac66e834dd397d87581094c"

async@~0.2.7:
  version "0.2.10"
  resolved "http://192.168.8.3:4873/async/-/async-0.2.10.tgz#b6bbe0b0674b9d719708ca38de8c237cb526c3d1"

bignumber.js@3.1.2:
  version "3.1.2"
  resolved "http://192.168.8.3:4873/bignumber.js/-/bignumber.js-3.1.2.tgz#f3bdb99ad5268a15fc1f0bed2fb018e2693fe236"

chai@^4.1.1:
  version "4.1.1"
  resolved "http://192.168.8.3:4873/chai/-/chai-4.1.1.tgz#66e21279e6f3c6415ff8231878227900e2171b39"
  dependencies:
    assertion-error "^1.0.1"
    check-error "^1.0.1"
    deep-eql "^2.0.1"
    get-func-name "^2.0.0"
    pathval "^1.0.0"
    type-detect "^4.0.0"

check-error@^1.0.1:
  version "1.0.2"
  resolved "http://192.168.8.3:4873/check-error/-/check-error-1.0.2.tgz#574d312edd88bb5dd8912e9286dd6c0aed4aac82"

core-util-is@~1.0.0:
  version "1.0.2"
  resolved "http://192.168.8.3:4873/core-util-is/-/core-util-is-1.0.2.tgz#b5fd54220aa2bc5ab57aab7140c940754503c1a7"

date-format@^0.0.0:
  version "0.0.0"
  resolved "http://192.168.8.3:4873/date-format/-/date-format-0.0.0.tgz#09206863ab070eb459acea5542cbd856b11966b3"

debug@^0.7.2:
  version "0.7.4"
  resolved "http://192.168.8.3:4873/debug/-/debug-0.7.4.tgz#06e1ea8082c2cb14e39806e22e2f6f757f92af39"

debug@^2.2.0:
  version "2.6.8"
  resolved "http://192.168.8.3:4873/debug/-/debug-2.6.8.tgz#e731531ca2ede27d188222427da17821d68ff4fc"
  dependencies:
    ms "2.0.0"

deep-eql@^2.0.1:
  version "2.0.2"
  resolved "http://192.168.8.3:4873/deep-eql/-/deep-eql-2.0.2.tgz#b1bac06e56f0a76777686d50c9feb75c2ed7679a"
  dependencies:
    type-detect "^3.0.0"

get-func-name@^2.0.0:
  version "2.0.0"
  resolved "http://192.168.8.3:4873/get-func-name/-/get-func-name-2.0.0.tgz#ead774abee72e20409433a066366023dd6887a41"

inherits@~2.0.1:
  version "2.0.3"
  resolved "http://192.168.8.3:4873/inherits/-/inherits-2.0.3.tgz#633c2c83e3da42a502f52466022480f4208261de"

isarray@0.0.1:
  version "0.0.1"
  resolved "http://192.168.8.3:4873/isarray/-/isarray-0.0.1.tgz#8a18acfca9a8f4177e09abfc6038939b05d1eedf"

lodash@^4.17.4:
  version "4.17.4"
  resolved "http://192.168.8.3:4873/lodash/-/lodash-4.17.4.tgz#78203a4d1c328ae1d86dca6460e369b57f4055ae"

log4js@~1.1.1:
  version "1.1.1"
  resolved "http://192.168.8.3:4873/log4js/-/log4js-1.1.1.tgz#c21d29c7604089e4f255833e7f94b3461de1ff43"
  dependencies:
    debug "^2.2.0"
    semver "^5.3.0"
    streamroller "^0.4.0"

minimist@0.0.8:
  version "0.0.8"
  resolved "http://192.168.8.3:4873/minimist/-/minimist-0.0.8.tgz#857fcabfc3397d2625b8228262e86aa7a011b05d"

mkdirp@^0.5.1:
  version "0.5.1"
  resolved "http://192.168.8.3:4873/mkdirp/-/mkdirp-0.5.1.tgz#30057438eac6cf7f8c4767f38648d6697d75c903"
  dependencies:
    minimist "0.0.8"

moment@^2.18.1:
  version "2.18.1"
  resolved "http://192.168.8.3:4873/moment/-/moment-2.18.1.tgz#c36193dd3ce1c2eed2adb7c802dbbc77a81b1c0f"

ms@2.0.0:
  version "2.0.0"
  resolved "http://192.168.8.3:4873/ms/-/ms-2.0.0.tgz#5608aeadfc00be6c2901df5f9861788de0d597c8"

mysql@~2.13.0:
  version "2.13.0"
  resolved "http://192.168.8.3:4873/mysql/-/mysql-2.13.0.tgz#998f1f8ca46e2e3dd7149ce982413653986aae47"
  dependencies:
    bignumber.js "3.1.2"
    readable-stream "1.1.14"
    sqlstring "2.2.0"

node-zookeeper-client@^0.2.2:
  version "0.2.2"
  resolved "http://192.168.8.3:4873/node-zookeeper-client/-/node-zookeeper-client-0.2.2.tgz#097bda01999eef8f602ce068b632600069dbf685"
  dependencies:
    async "~0.2.7"
    underscore "~1.4.4"

pathval@^1.0.0:
  version "1.1.0"
  resolved "http://192.168.8.3:4873/pathval/-/pathval-1.1.0.tgz#b942e6d4bde653005ef6b71361def8727d0645e0"

querystringify@~1.0.0:
  version "1.0.0"
  resolved "http://192.168.8.3:4873/querystringify/-/querystringify-1.0.0.tgz#6286242112c5b712fa654e526652bf6a13ff05cb"

readable-stream@1.1.14, readable-stream@^1.1.7:
  version "1.1.14"
  resolved "http://192.168.8.3:4873/readable-stream/-/readable-stream-1.1.14.tgz#7cf4c54ef648e3813084c636dd2079e166c081d9"
  dependencies:
    core-util-is "~1.0.0"
    inherits "~2.0.1"
    isarray "0.0.1"
    string_decoder "~0.10.x"

requires-port@1.0.x:
  version "1.0.0"
  resolved "http://192.168.8.3:4873/requires-port/-/requires-port-1.0.0.tgz#925d2601d39ac485e091cf0da5c6e694dc3dcaff"

semver@^5.3.0:
  version "5.4.1"
  resolved "http://192.168.8.3:4873/semver/-/semver-5.4.1.tgz#e059c09d8571f0540823733433505d3a2f00b18e"

sqlstring@2.2.0:
  version "2.2.0"
  resolved "http://192.168.8.3:4873/sqlstring/-/sqlstring-2.2.0.tgz#c3135c4ea8abcd7e7ee741a4966a891d86a4f191"

streamroller@^0.4.0:
  version "0.4.1"
  resolved "http://192.168.8.3:4873/streamroller/-/streamroller-0.4.1.tgz#d435bd5974373abd9bd9068359513085106cc05f"
  dependencies:
    date-format "^0.0.0"
    debug "^0.7.2"
    mkdirp "^0.5.1"
    readable-stream "^1.1.7"

string_decoder@~0.10.x:
  version "0.10.31"
  resolved "http://192.168.8.3:4873/string_decoder/-/string_decoder-0.10.31.tgz#62e203bc41766c6c28c9fc84301dab1c5310fa94"

type-detect@^3.0.0:
  version "3.0.0"
  resolved "http://192.168.8.3:4873/type-detect/-/type-detect-3.0.0.tgz#46d0cc8553abb7b13a352b0d6dea2fd58f2d9b55"

type-detect@^4.0.0:
  version "4.0.3"
  resolved "http://192.168.8.3:4873/type-detect/-/type-detect-4.0.3.tgz#0e3f2670b44099b0b46c284d136a7ef49c74c2ea"

underscore@~1.4.4:
  version "1.4.4"
  resolved "http://192.168.8.3:4873/underscore/-/underscore-1.4.4.tgz#61a6a32010622afa07963bf325203cf12239d604"

url-parse@^1.1.9:
  version "1.1.9"
  resolved "http://192.168.8.3:4873/url-parse/-/url-parse-1.1.9.tgz#c67f1d775d51f0a18911dd7b3ffad27bb9e5bd19"
  dependencies:
    querystringify "~1.0.0"
    requires-port "1.0.x"
